
Microsoft Visual Studio Solution File, Format Version 12.00
# Visual Studio Version 17
VisualStudioVersion = 17.7.34018.315
MinimumVisualStudioVersion = 10.0.40219.1
Project("{9A19103F-16F7-4668-BE54-9A1E7A4F7556}") = "CommerceWeb", "CommerceWeb\CommerceWeb.csproj", "{B3B0F2FF-C318-496E-89BD-61F8B326B2E6}"
EndProject
Project("{FAE04EC0-301F-11D3-BF4B-00C04F79EFBC}") = "Commerce.DataAccess", "Commerce.DataAccess\Commerce.DataAccess.csproj", "{C573B87D-182A-44BB-B664-87D70449139C}"
EndProject
Project("{FAE04EC0-301F-11D3-BF4B-00C04F79EFBC}") = "Commerce.Models", "Commerce.Models\Commerce.Models.csproj", "{B103133E-16AC-4EF2-A587-218F38C5FC7F}"
EndProject
Project("{FAE04EC0-301F-11D3-BF4B-00C04F79EFBC}") = "Commerce.Utility", "Commerce.Utility\Commerce.Utility.csproj", "{B5581FE7-FC1E-4597-A8BF-20A7D6639F3D}"
EndProject
Global
	GlobalSection(SolutionConfigurationPlatforms) = preSolution
		Debug|Any CPU = Debug|Any CPU
		Release|Any CPU = Release|Any CPU
	EndGlobalSection
	GlobalSection(ProjectConfigurationPlatforms) = postSolution
		{B3B0F2FF-C318-496E-89BD-61F8B326B2E6}.Debug|Any CPU.ActiveCfg = Debug|Any CPU
		{B3B0F2FF-C318-496E-89BD-61F8B326B2E6}.Debug|Any CPU.Build.0 = Debug|Any CPU
		{B3B0F2FF-C318-496E-89BD-61F8B326B2E6}.Release|Any CPU.ActiveCfg = Release|Any CPU
		{B3B0F2FF-C318-496E-89BD-61F8B326B2E6}.Release|Any CPU.Build.0 = Release|Any CPU
		{C573B87D-182A-44BB-B664-87D70449139C}.Debug|Any CPU.ActiveCfg = Debug|Any CPU
		{C573B87D-182A-44BB-B664-87D70449139C}.Debug|Any CPU.Build.0 = Debug|Any CPU
		{C573B87D-182A-44BB-B664-87D70449139C}.Release|Any CPU.ActiveCfg = Release|Any CPU
		{C573B87D-182A-44BB-B664-87D70449139C}.Release|Any CPU.Build.0 = Release|Any CPU
		{B103133E-16AC-4EF2-A587-218F38C5FC7F}.Debug|Any CPU.ActiveCfg = Debug|Any CPU
		{B103133E-16AC-4EF2-A587-218F38C5FC7F}.Debug|Any CPU.Build.0 = Debug|Any CPU
		{B103133E-16AC-4EF2-A587-218F38C5FC7F}.Release|Any CPU.ActiveCfg = Release|Any CPU
		{B103133E-16AC-4EF2-A587-218F38C5FC7F}.Release|Any CPU.Build.0 = Release|Any CPU
		{B5581FE7-FC1E-4597-A8BF-20A7D6639F3D}.Debug|Any CPU.ActiveCfg = Debug|Any CPU
		{B5581FE7-FC1E-4597-A8BF-20A7D6639F3D}.Debug|Any CPU.Build.0 = Debug|Any CPU
		{B5581FE7-FC1E-4597-A8BF-20A7D6639F3D}.Release|Any CPU.ActiveCfg = Release|Any CPU
		{B5581FE7-FC1E-4597-A8BF-20A7D6639F3D}.Release|Any CPU.Build.0 = Release|Any CPU
	EndGlobalSection
	GlobalSection(SolutionProperties) = preSolution
		HideSolutionNode = FALSE
	EndGlobalSection
	GlobalSection(ExtensibilityGlobals) = postSolution
		SolutionGuid = {AFC98BC0-EEE4-43E4-A2AA-D91FC101B145}
	EndGlobalSection
EndGlobal
